
Microsoft Visual Studio Solution File, Format Version 12.00
# Visual Studio 15
VisualStudioVersion = 15.0.27130.2010
MinimumVisualStudioVersion = 10.0.40219.1
Project("{FAE04EC0-301F-11D3-BF4B-00C04F79EFBC}") = "Serviser Web", "Serviser Web\Serviser Web.csproj", "{22DE2177-9F6A-478C-97E2-5279D712888B}"
EndProject
Global
	GlobalSection(SolutionConfigurationPlatforms) = preSolution
		Debug|Any CPU = Debug|Any CPU
		Release|Any CPU = Release|Any CPU
	EndGlobalSection
	GlobalSection(ProjectConfigurationPlatforms) = postSolution
		{22DE2177-9F6A-478C-97E2-5279D712888B}.Debug|Any CPU.ActiveCfg = Debug|Any CPU
		{22DE2177-9F6A-478C-97E2-5279D712888B}.Debug|Any CPU.Build.0 = Debug|Any CPU
		{22DE2177-9F6A-478C-97E2-5279D712888B}.Release|Any CPU.ActiveCfg = Release|Any CPU
		{22DE2177-9F6A-478C-97E2-5279D712888B}.Release|Any CPU.Build.0 = Release|Any CPU
	EndGlobalSection
	GlobalSection(SolutionProperties) = preSolution
		HideSolutionNode = FALSE
	EndGlobalSection
	GlobalSection(ExtensibilityGlobals) = postSolution
		SolutionGuid = {0B37756B-B7DD-411D-ABFD-730AEB0C1B80}
	EndGlobalSection
EndGlobal
